
Microsoft Visual Studio Solution File, Format Version 12.00
# Visual Studio Version 16
VisualStudioVersion = 16.0.30104.148
MinimumVisualStudioVersion = 10.0.40219.1
Project("{FAE04EC0-301F-11D3-BF4B-00C04F79EFBC}") = "UserApp", "UserApp\UserApp.csproj", "{E626EF7F-9DDF-4A87-B42F-C2F7CD964577}"
	ProjectSection(ProjectDependencies) = postProject
		{807D5F4E-1427-4F0A-BBFD-D2EA1EDF9001} = {807D5F4E-1427-4F0A-BBFD-D2EA1EDF9001}
	EndProjectSection
EndProject
Project("{FAE04EC0-301F-11D3-BF4B-00C04F79EFBC}") = "CustomControls", "CustomControls\CustomControls.csproj", "{807D5F4E-1427-4F0A-BBFD-D2EA1EDF9001}"
EndProject
Global
	GlobalSection(SolutionConfigurationPlatforms) = preSolution
		Debug|Any CPU = Debug|Any CPU
		Release|Any CPU = Release|Any CPU
	EndGlobalSection
	GlobalSection(ProjectConfigurationPlatforms) = postSolution
		{E626EF7F-9DDF-4A87-B42F-C2F7CD964577}.Debug|Any CPU.ActiveCfg = Debug|Any CPU
		{E626EF7F-9DDF-4A87-B42F-C2F7CD964577}.Debug|Any CPU.Build.0 = Debug|Any CPU
		{E626EF7F-9DDF-4A87-B42F-C2F7CD964577}.Release|Any CPU.ActiveCfg = Release|Any CPU
		{E626EF7F-9DDF-4A87-B42F-C2F7CD964577}.Release|Any CPU.Build.0 = Release|Any CPU
		{807D5F4E-1427-4F0A-BBFD-D2EA1EDF9001}.Debug|Any CPU.ActiveCfg = Debug|Any CPU
		{807D5F4E-1427-4F0A-BBFD-D2EA1EDF9001}.Debug|Any CPU.Build.0 = Debug|Any CPU
		{807D5F4E-1427-4F0A-BBFD-D2EA1EDF9001}.Release|Any CPU.ActiveCfg = Release|Any CPU
		{807D5F4E-1427-4F0A-BBFD-D2EA1EDF9001}.Release|Any CPU.Build.0 = Release|Any CPU
	EndGlobalSection
	GlobalSection(SolutionProperties) = preSolution
		HideSolutionNode = FALSE
	EndGlobalSection
	GlobalSection(ExtensibilityGlobals) = postSolution
		SolutionGuid = {42D16334-6713-4870-8B0E-2148C016B8AB}
	EndGlobalSection
EndGlobal
